
Microsoft Visual Studio Solution File, Format Version 12.00
# Visual Studio Version 16
VisualStudioVersion = 16.0.31424.327
MinimumVisualStudioVersion = 10.0.40219.1
Project("{FAE04EC0-301F-11D3-BF4B-00C04F79EFBC}") = "CarInsurance", "CarInsurance.csproj", "{30FC5326-F9E8-4923-9665-A26969CEBFFA}"
EndProject
Global
	GlobalSection(SolutionConfigurationPlatforms) = preSolution
		Debug|Any CPU = Debug|Any CPU
		Release|Any CPU = Release|Any CPU
	EndGlobalSection
	GlobalSection(ProjectConfigurationPlatforms) = postSolution
		{30FC5326-F9E8-4923-9665-A26969CEBFFA}.Debug|Any CPU.ActiveCfg = Debug|Any CPU
		{30FC5326-F9E8-4923-9665-A26969CEBFFA}.Debug|Any CPU.Build.0 = Debug|Any CPU
		{30FC5326-F9E8-4923-9665-A26969CEBFFA}.Release|Any CPU.ActiveCfg = Release|Any CPU
		{30FC5326-F9E8-4923-9665-A26969CEBFFA}.Release|Any CPU.Build.0 = Release|Any CPU
	EndGlobalSection
	GlobalSection(SolutionProperties) = preSolution
		HideSolutionNode = FALSE
	EndGlobalSection
	GlobalSection(ExtensibilityGlobals) = postSolution
		SolutionGuid = {C459F351-F4C2-474B-B659-62B99921CE94}
	EndGlobalSection
EndGlobal
